// !$*UTF8*$!
{
	archiveVersion = 1;
	classes = {
	};
	objectVersion = 46;
	objects = {

/* Begin PBXBuildFile section */
		582B736F1D22EFD6001B73E6 /* AppDelegate.swift in Sources */ = {isa = PBXBuildFile; fileRef = 582B736E1D22EFD6001B73E6 /* AppDelegate.swift */; };
		582B73711D22EFD6001B73E6 /* ViewController.swift in Sources */ = {isa = PBXBuildFile; fileRef = 582B73701D22EFD6001B73E6 /* ViewController.swift */; };
		582B73741D22EFD6001B73E6 /* Main.storyboard in Resources */ = {isa = PBXBuildFile; fileRef = 582B73721D22EFD6001B73E6 /* Main.storyboard */; };
		582B73761D22EFD6001B73E6 /* Assets.xcassets in Resources */ = {isa = PBXBuildFile; fileRef = 582B73751D22EFD6001B73E6 /* Assets.xcassets */; };
		582B73791D22EFD6001B73E6 /* LaunchScreen.storyboard in Resources */ = {isa = PBXBuildFile; fileRef = 582B73771D22EFD6001B73E6 /* LaunchScreen.storyboard */; };
		B296C8CC1D24326A007C577D /* Sticker.swift in Sources */ = {isa = PBXBuildFile; fileRef = B296C8CB1D24326A007C577D /* Sticker.swift */; };
/* End PBXBuildFile section */

/* Begin PBXFileReference section */
		582B736B1D22EFD6001B73E6 /* Sticker-Problem.app */ = {isa = PBXFileReference; explicitFileType = wrapper.application; includeInIndex = 0; path = "Sticker-Problem.app"; sourceTree = BUILT_PRODUCTS_DIR; };
		582B736E1D22EFD6001B73E6 /* AppDelegate.swift */ = {isa = PBXFileReference; lastKnownFileType = sourcecode.swift; path = AppDelegate.swift; sourceTree = "<group>"; };
		582B73701D22EFD6001B73E6 /* ViewController.swift */ = {isa = PBXFileReference; lastKnownFileType = sourcecode.swift; path = ViewController.swift; sourceTree = "<group>"; };
		582B73731D22EFD6001B73E6 /* Base */ = {isa = PBXFileReference; lastKnownFileType = file.storyboard; name = Base; path = Base.lproj/Main.storyboard; sourceTree = "<group>"; };
		582B73751D22EFD6001B73E6 /* Assets.xcassets */ = {isa = PBXFileReference; lastKnownFileType = folder.assetcatalog; path = Assets.xcassets; sourceTree = "<group>"; };
		582B73781D22EFD6001B73E6 /* Base */ = {isa = PBXFileReference; lastKnownFileType = file.storyboard; name = Base; path = Base.lproj/LaunchScreen.storyboard; sourceTree = "<group>"; };
		582B737A1D22EFD6001B73E6 /* Info.plist */ = {isa = PBXFileReference; lastKnownFileType = text.plist.xml; path = Info.plist; sourceTree = "<group>"; };
		B296C8CB1D24326A007C577D /* Sticker.swift */ = {isa = PBXFileReference; fileEncoding = 4; lastKnownFileType = sourcecode.swift; path = Sticker.swift; sourceTree = "<group>"; };
/* End PBXFileReference section */

/* Begin PBXFrameworksBuildPhase section */
		582B73681D22EFD6001B73E6 /* Frameworks */ = {
			isa = PBXFrameworksBuildPhase;
			buildActionMask = 2147483647;
			files = (
			);
			runOnlyForDeploymentPostprocessing = 0;
		};
/* End PBXFrameworksBuildPhase section */

/* Begin PBXGroup section */
		582B73621D22EFD5001B73E6 = {
			isa = PBXGroup;
			children = (
				582B736D1D22EFD6001B73E6 /* Sticker-Problem */,
				582B736C1D22EFD6001B73E6 /* Products */,
			);
			sourceTree = "<group>";
		};
		582B736C1D22EFD6001B73E6 /* Products */ = {
			isa = PBXGroup;
			children = (
				582B736B1D22EFD6001B73E6 /* Sticker-Problem.app */,
			);
			name = Products;
			sourceTree = "<group>";
		};
		582B736D1D22EFD6001B73E6 /* Sticker-Problem */ = {
			isa = PBXGroup;
			children = (
				582B736E1D22EFD6001B73E6 /* AppDelegate.swift */,
				582B73701D22EFD6001B73E6 /* ViewController.swift */,
				582B73721D22EFD6001B73E6 /* Main.storyboard */,
				582B73751D22EFD6001B73E6 /* Assets.xcassets */,
				582B73771D22EFD6001B73E6 /* LaunchScreen.storyboard */,
				582B737A1D22EFD6001B73E6 /* Info.plist */,
				B296C8CB1D24326A007C577D /* Sticker.swift */,
			);
			path = "Sticker-Problem";
			sourceTree = "<group>";
		};
/* End PBXGroup section */

/* Begin PBXNativeTarget section */
		582B736A1D22EFD6001B73E6 /* Sticker-Problem */ = {
			isa = PBXNativeTarget;
			buildConfigurationList = 582B737D1D22EFD6001B73E6 /* Build configuration list for PBXNativeTarget "Sticker-Problem" */;
			buildPhases = (
				582B73671D22EFD6001B73E6 /* Sources */,
				582B73681D22EFD6001B73E6 /* Frameworks */,
				582B73691D22EFD6001B73E6 /* Resources */,
			);
			buildRules = (
			);
			dependencies = (
			);
			name = "Sticker-Problem";
			productName = "Sticker-Problem";
			productReference = 582B736B1D22EFD6001B73E6 /* Sticker-Problem.app */;
			productType = "com.apple.product-type.application";
		};
/* End PBXNativeTarget section */

/* Begin PBXProject section */
		582B73631D22EFD6001B73E6 /* Project object */ = {
			isa = PBXProject;
			attributes = {
				LastSwiftUpdateCheck = 0730;
				LastUpgradeCheck = 0730;
				ORGANIZATIONNAME = Admin;
				TargetAttributes = {
					582B736A1D22EFD6001B73E6 = {
						CreatedOnToolsVersion = 7.3.1;
						DevelopmentTeam = 493DDHJJ42;
					};
				};
			};
			buildConfigurationList = 582B73661D22EFD6001B73E6 /* Build configuration list for PBXProject "Sticker-Problem" */;
			compatibilityVersion = "Xcode 3.2";
			developmentRegion = English;
			hasScannedForEncodings = 0;
			knownRegions = (
				en,
				Base,
			);
			mainGroup = 582B73621D22EFD5001B73E6;
			productRefGroup = 582B736C1D22EFD6001B73E6 /* Products */;
			projectDirPath = "";
			projectRoot = "";
			targets = (
				582B736A1D22EFD6001B73E6 /* Sticker-Problem */,
			);
		};
/* End PBXProject section */

/* Begin PBXResourcesBuildPhase section */
		582B73691D22EFD6001B73E6 /* Resources */ = {
			isa = PBXResourcesBuildPhase;
			buildActionMask = 2147483647;
			files = (
				582B73791D22EFD6001B73E6 /* LaunchScreen.storyboard in Resources */,
				582B73761D22EFD6001B73E6 /* Assets.xcassets in Resources */,
				582B73741D22EFD6001B73E6 /* Main.storyboard in Resources */,
			);
			runOnlyForDeploymentPostprocessing = 0;
		};
/* End PBXResourcesBuildPhase section */

/* Begin PBXSourcesBuildPhase section */
		582B73671D22EFD6001B73E6 /* Sources */ = {
			isa = PBXSourcesBuildPhase;
			buildActionMask = 2147483647;
			files = (
				582B73711D22EFD6001B73E6 /* ViewController.swift in Sources */,
				B296C8CC1D24326A007C577D /* Sticker.swift in Sources */,
				582B736F1D22EFD6001B73E6 /* AppDelegate.swift in Sources */,
			);
			runOnlyForDeploymentPostprocessing = 0;
		};
/* End PBXSourcesBuildPhase section */

/* Begin PBXVariantGroup section */
		582B73721D22EFD6001B73E6 /* Main.storyboard */ = {
			isa = PBXVariantGroup;
			children = (
				582B73731D22EFD6001B73E6 /* Base */,
			);
			name = Main.storyboard;
			sourceTree = "<group>";
		};
		582B73771D22EFD6001B73E6 /* LaunchScreen.storyboard */ = {
			isa = PBXVariantGroup;
			children = (
				582B73781D22EFD6001B73E6 /* Base */,
			);
			name = LaunchScreen.storyboard;
			sourceTree = "<group>";
		};
/* End PBXVariantGroup section */

/* Begin XCBuildConfiguration section */
		582B737B1D22EFD6001B73E6 /* Debug */ = {
			isa = XCBuildConfiguration;
			buildSettings = {
				ALWAYS_SEARCH_USER_PATHS = NO;
				CLANG_ANALYZER_NONNULL = YES;
				CLANG_CXX_LANGUAGE_STANDARD = "gnu++0x";
				CLANG_CXX_LIBRARY = "libc++";
				CLANG_ENABLE_MODULES = YES;
				CLANG_ENABLE_OBJC_ARC = YES;
				CLANG_WARN_BOOL_CONVERSION = YES;
				CLANG_WARN_CONSTANT_CONVERSION = YES;
				CLANG_WARN_DIRECT_OBJC_ISA_USAGE = YES_ERROR;
				CLANG_WARN_EMPTY_BODY = YES;
				CLANG_WARN_ENUM_CONVERSION = YES;
				CLANG_WARN_INT_CONVERSION = YES;
				CLANG_WARN_OBJC_ROOT_CLASS = YES_ERROR;
				CLANG_WARN_UNREACHABLE_CODE = YES;
				CLANG_WARN__DUPLICATE_METHOD_MATCH = YES;
				"CODE_SIGN_IDENTITY[sdk=iphoneos*]" = "iPhone Developer";
				COPY_PHASE_STRIP = NO;
				DEBUG_INFORMATION_FORMAT = dwarf;
				ENABLE_STRICT_OBJC_MSGSEND = YES;
				ENABLE_TESTABILITY = YES;
				GCC_C_LANGUAGE_STANDARD = gnu99;
				GCC_DYNAMIC_NO_PIC = NO;
				GCC_NO_COMMON_BLOCKS = YES;
				GCC_OPTIMIZATION_LEVEL = 0;
				GCC_PREPROCESSOR_DEFINITIONS = (
					"DEBUG=1",
					"$(inherited)",
				);
				GCC_WARN_64_TO_32_BIT_CONVERSION = YES;
				GCC_WARN_ABOUT_RETURN_TYPE = YES_ERROR;
				GCC_WARN_UNDECLARED_SELECTOR = YES;
				GCC_WARN_UNINITIALIZED_AUTOS = YES_AGGRESSIVE;
				GCC_WARN_UNUSED_FUNCTION = YES;
				GCC_WARN_UNUSED_VARIABLE = YES;
				IPHONEOS_DEPLOYMENT_TARGET = 9.3;
				MTL_ENABLE_DEBUG_INFO = YES;
				ONLY_ACTIVE_ARCH = YES;
				SDKROOT = iphoneos;
				SWIFT_OPTIMIZATION_LEVEL = "-Onone";
				TARGETED_DEVICE_FAMILY = "1,2";
			};
			name = Debug;
		};
		582B737C1D22EFD6001B73E6 /* Release */ = {
			isa = XCBuildConfiguration;
			buildSettings = {
				ALWAYS_SEARCH_USER_PATHS = NO;
				CLANG_ANALYZER_NONNULL = YES;
				CLANG_CXX_LANGUAGE_STANDARD = "gnu++0x";
				CLANG_CXX_LIBRARY = "libc++";
				CLANG_ENABLE_MODULES = YES;
				CLANG_ENABLE_OBJC_ARC = YES;
				CLANG_WARN_BOOL_CONVERSION = YES;
				CLANG_WARN_CONSTANT_CONVERSION = YES;
				CLANG_WARN_DIRECT_OBJC_ISA_USAGE = YES_ERROR;
				CLANG_WARN_EMPTY_BODY = YES;
				CLANG_WARN_ENUM_CONVERSION = YES;
				CLANG_WARN_INT_CONVERSION = YES;
				CLANG_WARN_OBJC_ROOT_CLASS = YES_ERROR;
				CLANG_WARN_UNREACHABLE_CODE = YES;
				CLANG_WARN__DUPLICATE_METHOD_MATCH = YES;
				"CODE_SIGN_IDENTITY[sdk=iphoneos*]" = "iPhone Developer";
				COPY_PHASE_STRIP = NO;
				DEBUG_INFORMATION_FORMAT = "dwarf-with-dsym";
				ENABLE_NS_ASSERTIONS = NO;
				ENABLE_STRICT_OBJC_MSGSEND = YES;
				GCC_C_LANGUAGE_STANDARD = gnu99;
				GCC_NO_COMMON_BLOCKS = YES;
				GCC_WARN_64_TO_32_BIT_CONVERSION = YES;
				GCC_WARN_ABOUT_RETURN_TYPE = YES_ERROR;
				GCC_WARN_UNDECLARED_SELECTOR = YES;
				GCC_WARN_UNINITIALIZED_AUTOS = YES_AGGRESSIVE;
				GCC_WARN_UNUSED_FUNCTION = YES;
				GCC_WARN_UNUSED_VARIABLE = YES;
				IPHONEOS_DEPLOYMENT_TARGET = 9.3;
				MTL_ENABLE_DEBUG_INFO = NO;
				SDKROOT = iphoneos;
				TARGETED_DEVICE_FAMILY = "1,2";
				VALIDATE_PRODUCT = YES;
			};
			name = Release;
		};
		582B737E1D22EFD6001B73E6 /* Debug */ = {
			isa = XCBuildConfiguration;
			buildSettings = {
				ASSETCATALOG_COMPILER_APPICON_NAME = AppIcon;
				CODE_SIGN_IDENTITY = "iPhone Developer";
				"CODE_SIGN_IDENTITY[sdk=iphoneos*]" = "iPhone Developer";
				INFOPLIST_FILE = "Sticker-Problem/Info.plist";
				LD_RUNPATH_SEARCH_PATHS = "$(inherited) @executable_path/Frameworks";
				PRODUCT_BUNDLE_IDENTIFIER = "com.admin.Sticker-ProblemPJ";
				PRODUCT_NAME = "$(TARGET_NAME)";
				PROVISIONING_PROFILE = "";
			};
			name = Debug;
		};
		582B737F1D22EFD6001B73E6 /* Release */ = {
			isa = XCBuildConfiguration;
			buildSettings = {
				ASSETCATALOG_COMPILER_APPICON_NAME = AppIcon;
				CODE_SIGN_IDENTITY = "iPhone Developer";
				"CODE_SIGN_IDENTITY[sdk=iphoneos*]" = "iPhone Developer";
				INFOPLIST_FILE = "Sticker-Problem/Info.plist";
				LD_RUNPATH_SEARCH_PATHS = "$(inherited) @executable_path/Frameworks";
				PRODUCT_BUNDLE_IDENTIFIER = "com.admin.Sticker-ProblemPJ";
				PRODUCT_NAME = "$(TARGET_NAME)";
				PROVISIONING_PROFILE = "";
			};
			name = Release;
		};
/* End XCBuildConfiguration section */

/* Begin XCConfigurationList section */
		582B73661D22EFD6001B73E6 /* Build configuration list for PBXProject "Sticker-Problem" */ = {
			isa = XCConfigurationList;
			buildConfigurations = (
				582B737B1D22EFD6001B73E6 /* Debug */,
				582B737C1D22EFD6001B73E6 /* Release */,
			);
			defaultConfigurationIsVisible = 0;
			defaultConfigurationName = Release;
		};
		582B737D1D22EFD6001B73E6 /* Build configuration list for PBXNativeTarget "Sticker-Problem" */ = {
			isa = XCConfigurationList;
			buildConfigurations = (
				582B737E1D22EFD6001B73E6 /* Debug */,
				582B737F1D22EFD6001B73E6 /* Release */,
			);
			defaultConfigurationIsVisible = 0;
			defaultConfigurationName = Release;
		};
/* End XCConfigurationList section */
	};
	rootObject = 582B73631D22EFD6001B73E6 /* Project object */;
}
